# THIS IS AN AUTOGENERATED FILE. DO NOT EDIT THIS FILE DIRECTLY.
# yarn lockfile v1


debug@^2.2.0:
  version "2.6.9"
  resolved "https://registry.yarnpkg.com/debug/-/debug-2.6.9.tgz#5d128515df134ff327e90a4c93f4e077a536341f"
  integrity sha512-bC7ElrdJaJnPbAP+1EotYvqZsb3ecl5wi6Bfi6BJTUcNowp6cvspg0jXznRTKDjm/E7AdgFBVeAPVMNcKGsHMA==
  dependencies:
    ms "2.0.0"

flutter@^0.0.5:
  version "0.0.5"
  resolved "https://registry.yarnpkg.com/flutter/-/flutter-0.0.5.tgz#545573ba7d4ba93dcd0f8f339b55f5ef7e6d525b"
  integrity sha512-tPqt4+RdIJgmR6pbVtupVUlyPgIAWhOizGtn8gAMHUcKu98tHrUY/l9Ozpb7EEgvgxMUCEjYcU1SipcgZP8egw==
  dependencies:
    debug "^2.2.0"
    oauth "^0.9.13"
    redis "^0.12.1"

ms@2.0.0:
  version "2.0.0"
  resolved "https://registry.yarnpkg.com/ms/-/ms-2.0.0.tgz#5608aeadfc00be6c2901df5f9861788de0d597c8"
  integrity sha512-Tpp60P6IUJDTuOq/5Z8cdskzJujfwqfOTkrwIwj7IRISpnkJnT6SyJ4PCPnGMoFjC9ddhal5KVIYtAt97ix05A==

oauth@^0.9.13:
  version "0.9.15"
  resolved "https://registry.yarnpkg.com/oauth/-/oauth-0.9.15.tgz#bd1fefaf686c96b75475aed5196412ff60cfb9c1"
  integrity sha512-a5ERWK1kh38ExDEfoO6qUHJb32rd7aYmPHuyCu3Fta/cnICvYmgd2uhuKXvPD+PXB+gCEYYEaQdIRAjCOwAKNA==

redis@^0.12.1:
  version "0.12.1"
  resolved "https://registry.yarnpkg.com/redis/-/redis-0.12.1.tgz#64df76ad0fc8acebaebd2a0645e8a48fac49185e"
  integrity sha512-DtqxdmgmVAO7aEyxaXBiUTvhQPOYznTIvmPzs9AwWZqZywM50JlFxQjFhicI+LVbaun7uwfO3izuvc1L8NlPKQ==
